
Microsoft Visual Studio Solution File, Format Version 12.00
# Visual Studio 15
VisualStudioVersion = 15.0.27130.2027
MinimumVisualStudioVersion = 10.0.40219.1
Project("{9A19103F-16F7-4668-BE54-9A1E7A4F7556}") = "Transporte.Api", "Transporte.Api\Transporte.Api.csproj", "{D2B883C6-E33A-4128-AD7E-B59DB1D7E9D5}"
EndProject
Project("{9A19103F-16F7-4668-BE54-9A1E7A4F7556}") = "Transporte.Business", "Transporte.Business\Transporte.Business.csproj", "{667AF703-1234-42FA-A95A-1D8EBD8CB5CB}"
EndProject
Project("{9A19103F-16F7-4668-BE54-9A1E7A4F7556}") = "Transporte.Repository", "Transporte.Repository\Transporte.Repository.csproj", "{B3670EF4-34F6-4AFF-B358-2002C982285A}"
EndProject
Project("{9A19103F-16F7-4668-BE54-9A1E7A4F7556}") = "Transporte.Model", "Transporte.Model\Transporte.Model.csproj", "{D419DCB0-6457-4107-ACA3-4126C9D6B972}"
EndProject
Global
	GlobalSection(SolutionConfigurationPlatforms) = preSolution
		Debug|Any CPU = Debug|Any CPU
		Release|Any CPU = Release|Any CPU
	EndGlobalSection
	GlobalSection(ProjectConfigurationPlatforms) = postSolution
		{D2B883C6-E33A-4128-AD7E-B59DB1D7E9D5}.Debug|Any CPU.ActiveCfg = Debug|Any CPU
		{D2B883C6-E33A-4128-AD7E-B59DB1D7E9D5}.Debug|Any CPU.Build.0 = Debug|Any CPU
		{D2B883C6-E33A-4128-AD7E-B59DB1D7E9D5}.Release|Any CPU.ActiveCfg = Release|Any CPU
		{D2B883C6-E33A-4128-AD7E-B59DB1D7E9D5}.Release|Any CPU.Build.0 = Release|Any CPU
		{667AF703-1234-42FA-A95A-1D8EBD8CB5CB}.Debug|Any CPU.ActiveCfg = Debug|Any CPU
		{667AF703-1234-42FA-A95A-1D8EBD8CB5CB}.Debug|Any CPU.Build.0 = Debug|Any CPU
		{667AF703-1234-42FA-A95A-1D8EBD8CB5CB}.Release|Any CPU.ActiveCfg = Release|Any CPU
		{667AF703-1234-42FA-A95A-1D8EBD8CB5CB}.Release|Any CPU.Build.0 = Release|Any CPU
		{B3670EF4-34F6-4AFF-B358-2002C982285A}.Debug|Any CPU.ActiveCfg = Debug|Any CPU
		{B3670EF4-34F6-4AFF-B358-2002C982285A}.Debug|Any CPU.Build.0 = Debug|Any CPU
		{B3670EF4-34F6-4AFF-B358-2002C982285A}.Release|Any CPU.ActiveCfg = Release|Any CPU
		{B3670EF4-34F6-4AFF-B358-2002C982285A}.Release|Any CPU.Build.0 = Release|Any CPU
		{D419DCB0-6457-4107-ACA3-4126C9D6B972}.Debug|Any CPU.ActiveCfg = Debug|Any CPU
		{D419DCB0-6457-4107-ACA3-4126C9D6B972}.Debug|Any CPU.Build.0 = Debug|Any CPU
		{D419DCB0-6457-4107-ACA3-4126C9D6B972}.Release|Any CPU.ActiveCfg = Release|Any CPU
		{D419DCB0-6457-4107-ACA3-4126C9D6B972}.Release|Any CPU.Build.0 = Release|Any CPU
	EndGlobalSection
	GlobalSection(SolutionProperties) = preSolution
		HideSolutionNode = FALSE
	EndGlobalSection
	GlobalSection(ExtensibilityGlobals) = postSolution
		SolutionGuid = {EEE44AF3-F5EC-45FD-A811-31FB6FA737B7}
	EndGlobalSection
EndGlobal
